
Microsoft Visual Studio Solution File, Format Version 10.00
# Visual Studio 2008
Project("{FAE04EC0-301F-11D3-BF4B-00C04F79EFBC}") = "PH.MobileQC.BO", "PH.MobileQC.BO\PH.MobileQC.BO.csproj", "{5069287F-06F1-4C3B-9BCC-97DD4CA92EEC}"
EndProject
Project("{FAE04EC0-301F-11D3-BF4B-00C04F79EFBC}") = "PH.MobileQC.UI", "PH.MobileQC.UI\PH.MobileQC.UI.csproj", "{86FBA628-43CC-4F2E-8271-6FCBF44554B2}"
EndProject
Global
	GlobalSection(SolutionConfigurationPlatforms) = preSolution
		Debug|Any CPU = Debug|Any CPU
		Release|Any CPU = Release|Any CPU
	EndGlobalSection
	GlobalSection(ProjectConfigurationPlatforms) = postSolution
		{5069287F-06F1-4C3B-9BCC-97DD4CA92EEC}.Debug|Any CPU.ActiveCfg = Debug|Any CPU
		{5069287F-06F1-4C3B-9BCC-97DD4CA92EEC}.Debug|Any CPU.Build.0 = Debug|Any CPU
		{5069287F-06F1-4C3B-9BCC-97DD4CA92EEC}.Release|Any CPU.ActiveCfg = Release|Any CPU
		{5069287F-06F1-4C3B-9BCC-97DD4CA92EEC}.Release|Any CPU.Build.0 = Release|Any CPU
		{86FBA628-43CC-4F2E-8271-6FCBF44554B2}.Debug|Any CPU.ActiveCfg = Debug|Any CPU
		{86FBA628-43CC-4F2E-8271-6FCBF44554B2}.Debug|Any CPU.Build.0 = Debug|Any CPU
		{86FBA628-43CC-4F2E-8271-6FCBF44554B2}.Release|Any CPU.ActiveCfg = Release|Any CPU
		{86FBA628-43CC-4F2E-8271-6FCBF44554B2}.Release|Any CPU.Build.0 = Release|Any CPU
	EndGlobalSection
	GlobalSection(SolutionProperties) = preSolution
		HideSolutionNode = FALSE
	EndGlobalSection
EndGlobal
