
Microsoft Visual Studio Solution File, Format Version 10.00
# Visual Studio 2008
Project("{FAE04EC0-301F-11D3-BF4B-00C04F79EFBC}") = "PH.POPC.BO", "PH.POPC.BO\PH.POPC.BO.csproj", "{7FD70B17-0BA6-4549-AE0C-3A7AEF902FA7}"
EndProject
Project("{FAE04EC0-301F-11D3-BF4B-00C04F79EFBC}") = "PH.POPC.UI", "PH.POPC.UI\PH.POPC.UI.csproj", "{A7B65611-ABE1-4F85-B2F3-C3453854DBD5}"
EndProject
Project("{FAE04EC0-301F-11D3-BF4B-00C04F79EFBC}") = "PH.POPC.BackEnd", "PH.POPC.BackEnd\PH.POPC.BackEnd.csproj", "{AC7EC507-E3BD-4372-B7BC-8758019DA07B}"
EndProject
Project("{FAE04EC0-301F-11D3-BF4B-00C04F79EFBC}") = "PH.POPC.AutoUpdate.UI", "PH.POPC.AutoUpdate\PH.POPC.AutoUpdate.UI.csproj", "{C5DC3D2F-0C2D-478C-BC01-1F4F9255DEC2}"
EndProject
Project("{FAE04EC0-301F-11D3-BF4B-00C04F79EFBC}") = "PH.POPC.Service", "PH.Platform.Service\PH.POPC.Service.csproj", "{0453B8A4-9D20-4484-BBDE-A2423F7E42BE}"
EndProject
Global
	GlobalSection(SolutionConfigurationPlatforms) = preSolution
		Debug|Any CPU = Debug|Any CPU
		Release|Any CPU = Release|Any CPU
	EndGlobalSection
	GlobalSection(ProjectConfigurationPlatforms) = postSolution
		{7FD70B17-0BA6-4549-AE0C-3A7AEF902FA7}.Debug|Any CPU.ActiveCfg = Debug|Any CPU
		{7FD70B17-0BA6-4549-AE0C-3A7AEF902FA7}.Debug|Any CPU.Build.0 = Debug|Any CPU
		{7FD70B17-0BA6-4549-AE0C-3A7AEF902FA7}.Release|Any CPU.ActiveCfg = Release|Any CPU
		{7FD70B17-0BA6-4549-AE0C-3A7AEF902FA7}.Release|Any CPU.Build.0 = Release|Any CPU
		{A7B65611-ABE1-4F85-B2F3-C3453854DBD5}.Debug|Any CPU.ActiveCfg = Debug|Any CPU
		{A7B65611-ABE1-4F85-B2F3-C3453854DBD5}.Debug|Any CPU.Build.0 = Debug|Any CPU
		{A7B65611-ABE1-4F85-B2F3-C3453854DBD5}.Release|Any CPU.ActiveCfg = Release|Any CPU
		{A7B65611-ABE1-4F85-B2F3-C3453854DBD5}.Release|Any CPU.Build.0 = Release|Any CPU
		{AC7EC507-E3BD-4372-B7BC-8758019DA07B}.Debug|Any CPU.ActiveCfg = Debug|Any CPU
		{AC7EC507-E3BD-4372-B7BC-8758019DA07B}.Debug|Any CPU.Build.0 = Debug|Any CPU
		{AC7EC507-E3BD-4372-B7BC-8758019DA07B}.Release|Any CPU.ActiveCfg = Release|Any CPU
		{AC7EC507-E3BD-4372-B7BC-8758019DA07B}.Release|Any CPU.Build.0 = Release|Any CPU
		{C5DC3D2F-0C2D-478C-BC01-1F4F9255DEC2}.Debug|Any CPU.ActiveCfg = Debug|Any CPU
		{C5DC3D2F-0C2D-478C-BC01-1F4F9255DEC2}.Debug|Any CPU.Build.0 = Debug|Any CPU
		{C5DC3D2F-0C2D-478C-BC01-1F4F9255DEC2}.Release|Any CPU.ActiveCfg = Release|Any CPU
		{C5DC3D2F-0C2D-478C-BC01-1F4F9255DEC2}.Release|Any CPU.Build.0 = Release|Any CPU
		{0453B8A4-9D20-4484-BBDE-A2423F7E42BE}.Debug|Any CPU.ActiveCfg = Debug|Any CPU
		{0453B8A4-9D20-4484-BBDE-A2423F7E42BE}.Debug|Any CPU.Build.0 = Debug|Any CPU
		{0453B8A4-9D20-4484-BBDE-A2423F7E42BE}.Release|Any CPU.ActiveCfg = Release|Any CPU
		{0453B8A4-9D20-4484-BBDE-A2423F7E42BE}.Release|Any CPU.Build.0 = Release|Any CPU
	EndGlobalSection
	GlobalSection(SolutionProperties) = preSolution
		HideSolutionNode = FALSE
	EndGlobalSection
EndGlobal
