	<Project xmlns="http://schemas.microsoft.com/developer/msbuild/2003">
		<PropertyGroup>
			<ProjectGuid>{6CEF34BC-61A7-4B98-A9A8-79C4C1B80FE6}</ProjectGuid>
			<ProjectVersion>12.0</ProjectVersion>
			<MainSource>COP_Log.dpr</MainSource>
			<Config Condition="'$(Config)'==''">Debug</Config>
			<DCC_DCCCompiler>DCC32</DCC_DCCCompiler>
		</PropertyGroup>
		<PropertyGroup Condition="'$(Config)'=='Base' or '$(Base)'!=''">
			<Base>true</Base>
		</PropertyGroup>
		<PropertyGroup Condition="'$(Config)'=='Release' or '$(Cfg_1)'!=''">
			<Cfg_1>true</Cfg_1>
			<CfgParent>Base</CfgParent>
			<Base>true</Base>
		</PropertyGroup>
		<PropertyGroup Condition="'$(Config)'=='Debug' or '$(Cfg_2)'!=''">
			<Cfg_2>true</Cfg_2>
			<CfgParent>Base</CfgParent>
			<Base>true</Base>
		</PropertyGroup>
		<PropertyGroup Condition="'$(Base)'!=''">
			<DCC_UnitAlias>WinTypes=Windows;WinProcs=Windows;DbiTypes=BDE;DbiProcs=BDE;DbiErrs=BDE;$(DCC_UnitAlias)</DCC_UnitAlias>
			<DCC_DependencyCheckOutputName>COP_Log.exe</DCC_DependencyCheckOutputName>
			<DCC_ImageBase>00400000</DCC_ImageBase>
			<DCC_Platform>x86</DCC_Platform>
		</PropertyGroup>
		<PropertyGroup Condition="'$(Cfg_1)'!=''">
			<DCC_LocalDebugSymbols>false</DCC_LocalDebugSymbols>
			<DCC_Define>RELEASE;$(DCC_Define)</DCC_Define>
			<DCC_SymbolReferenceInfo>0</DCC_SymbolReferenceInfo>
			<DCC_DebugInformation>false</DCC_DebugInformation>
		</PropertyGroup>
		<PropertyGroup Condition="'$(Cfg_2)'!=''">
			<DCC_Define>DEBUG;$(DCC_Define)</DCC_Define>
		</PropertyGroup>
		<ItemGroup>
			<DelphiCompile Include="COP_Log.dpr">
				<MainSource>MainSource</MainSource>
			</DelphiCompile>
			<DCCReference Include="Carte_MainFormu.pas">
				<Form>frmCarte_Main</Form>
			</DCCReference>
			<DCCReference Include="Carte_ActionitermsFormu.pas">
				<Form>frmCarte_Actionitems</Form>
			</DCCReference>
			<DCCReference Include="Carte_OrdprocessingFormu.pas">
				<Form>frmCarte_Ordprocessing</Form>
			</DCCReference>
			<DCCReference Include="Carte_RequestactionFormu.pas">
				<Form>frmCarte_Requestaction</Form>
			</DCCReference>
			<DCCReference Include="Carte_ReportsFormu.pas">
				<Form>frmCarte_Reports</Form>
			</DCCReference>
			<DCCReference Include="Carte_ActionmarksFormu.pas">
				<Form>frmCarte_Actionmarks</Form>
			</DCCReference>
			<DCCReference Include="Carte_ItemchooseFormu.pas">
				<Form>frmCarte_itemchoose</Form>
			</DCCReference>
			<DCCReference Include="Carte_MailFormu.pas">
				<Form>frmCarte_Mail</Form>
			</DCCReference>
			<DCCReference Include="Carte_PasswordFormu.pas">
				<Form>frmCarte_password</Form>
			</DCCReference>
			<DCCReference Include="Carte_WeeklyprintoutFormu.pas">
				<Form>frmCarte_Weeklyprintout</Form>
			</DCCReference>
			<DCCReference Include="Carte_SewingfacilityFormu.pas">
				<Form>frmCarte_Sewingfacility</Form>
			</DCCReference>
			<DCCReference Include="Carte_ShortFormu.pas">
				<Form>frmCarte_Short</Form>
			</DCCReference>
			<DCCReference Include="Carte_LogisticsflowFormu.pas">
				<Form>frmCarte_Logisticsflow</Form>
			</DCCReference>
			<DCCReference Include="Carte_PDNDateFormu.pas">
				<Form>frmCarte_PDNDate</Form>
			</DCCReference>
			<DCCReference Include="Carte_PDNQtyFormu.pas">
				<Form>frmCarte_PDNQty</Form>
			</DCCReference>
			<DCCReference Include="Carte_SplitFormu.pas">
				<Form>frmCarte_Split</Form>
			</DCCReference>
			<DCCReference Include="Carte_Logisticsflow_rpt1Formu.pas">
				<Form>frmCarte_Logisticsflow_rpt1</Form>
			</DCCReference>
			<DCCReference Include="Carte_ShipmentbyprojectFormu.pas">
				<Form>frmCarte_Shipmentbyproject</Form>
			</DCCReference>
			<DCCReference Include="Carte_ChaseitemsFormu.pas">
				<Form>frmCarte_Chaseitems</Form>
			</DCCReference>
			<DCCReference Include="Carte_CRitemsFormu.pas">
				<Form>frmCarte_CRitems</Form>
			</DCCReference>
			<DCCReference Include="Carte_KeycodechooseFormu.pas">
				<Form>frmCarte_Keycodechoose</Form>
			</DCCReference>
			<DCCReference Include="Carte_ImportrwodataFormu.pas">
				<Form>frmCarte_Importrwodata</Form>
			</DCCReference>
			<DCCReference Include="Carte_ReqenqueryFormu.pas">
				<Form>frmCarte_Repenquery</Form>
			</DCCReference>
			<DCCReference Include="Carte_TimechangeFormu.pas">
				<Form>frmCarte_Timechange</Form>
			</DCCReference>
			<DCCReference Include="Carte_Logisticsflow_rpt2Formu.pas">
				<Form>frmCarte_Logisticsflow_rpt2</Form>
			</DCCReference>
			<DCCReference Include="Carte_CustpoqtyFormu.pas">
				<Form>frmCarte_CustpoQty</Form>
			</DCCReference>
			<DCCReference Include="Carte_StyleclassesFormu.pas">
				<Form>frmCarte_Styleclasses</Form>
			</DCCReference>
			<DCCReference Include="Carte_ProductsFormu.pas">
				<Form>frmCarte_Products</Form>
			</DCCReference>
			<DCCReference Include="Carte_GroupactionFormu.pas">
				<Form>frmCarte_Groupaction</Form>
			</DCCReference>
			<DCCReference Include="Carte_PackingmethodFormu.pas">
				<Form>frmCarte_Packingmethod</Form>
			</DCCReference>
			<DCCReference Include="Carte_WO2Formu.pas">
				<Form>frmCarte_WO2</Form>
			</DCCReference>
			<DCCReference Include="Carte_EnquirywarningFormu.pas">
				<Form>frmCarte_Enquirywarning</Form>
			</DCCReference>
			<DCCReference Include="Carte_LocFormu.pas">
				<Form>frmCarte_Loc</Form>
			</DCCReference>
			<DCCReference Include="Carte_PVHIPOFormu.pas">
				<Form>frmCarte_PVHIPO</Form>
			</DCCReference>
			<DCCReference Include="Carte_Reports1Formu.pas">
				<Form>frmCarte_Reports1</Form>
			</DCCReference>
			<DCCReference Include="Carte_PVHLogisticFormu.pas">
				<Form>frmCarte_PVHLogistic</Form>
			</DCCReference>
			<DCCReference Include="Carte_Reports2Formu.pas">
				<Form>frmCarte_Reports2</Form>
			</DCCReference>
			<DCCReference Include="Carte_PVHordplacingFormu.pas">
				<Form>frmCarte_PVHordplacing</Form>
			</DCCReference>
			<DCCReference Include="Carte_PVHstylesuffixFormu.pas">
				<Form>frmCarte_PVHstylesuffix</Form>
			</DCCReference>
			<DCCReference Include="Carte_Timechange1Formu.pas">
				<Form>frmCarte_Timechange1</Form>
			</DCCReference>
			<DCCReference Include="Carte_OpttimemanagementFormu.pas">
				<Form>frmCarte_Opttimemanagement</Form>
			</DCCReference>
			<DCCReference Include="Carte_reducenotepadformu.pas">
				<Form>frmreduce_notepad</Form>
			</DCCReference>
			<DCCReference Include="aqlmainformu.pas">
				<Form>frmaqlmain</Form>
			</DCCReference>
			<DCCReference Include="xtdlformu.pas">
				<Form>frmxtdl</Form>
			</DCCReference>
			<DCCReference Include="aqlpoformu.pas">
				<Form>frmaqlpo</Form>
			</DCCReference>
			<DCCReference Include="defectsummaryformu.pas">
				<Form>frmdefectsummary</Form>
			</DCCReference>
			<DCCReference Include="defectsummary02formu.pas">
				<Form>frmdefectsummary02</Form>
			</DCCReference>
			<DCCReference Include="POcriteriaFormu.pas">
				<Form>frmPOcriteria</Form>
			</DCCReference>
			<DCCReference Include="Grp_ActionDetailFormu.pas">
				<Form>frmgrp_actiondetail</Form>
			</DCCReference>
			<BuildConfiguration Include="Base">
				<Key>Base</Key>
			</BuildConfiguration>
			<BuildConfiguration Include="Debug">
				<Key>Cfg_2</Key>
				<CfgParent>Base</CfgParent>
			</BuildConfiguration>
			<BuildConfiguration Include="Release">
				<Key>Cfg_1</Key>
				<CfgParent>Base</CfgParent>
			</BuildConfiguration>
		</ItemGroup>
		<Import Project="$(BDS)\Bin\CodeGear.Delphi.Targets" Condition="Exists('$(BDS)\Bin\CodeGear.Delphi.Targets')"/>
		<ProjectExtensions>
			<Borland.Personality>Delphi.Personality.12</Borland.Personality>
			<Borland.ProjectType/>
			<BorlandProject>
				<Delphi.Personality>
					<Source>
						<Source Name="MainSource">COP_Log.dpr</Source>
					</Source>
					<Parameters>
						<Parameters Name="UseLauncher">False</Parameters>
						<Parameters Name="LoadAllSymbols">True</Parameters>
						<Parameters Name="LoadUnspecifiedSymbols">False</Parameters>
					</Parameters>
					<VersionInfo>
						<VersionInfo Name="IncludeVerInfo">False</VersionInfo>
						<VersionInfo Name="AutoIncBuild">False</VersionInfo>
						<VersionInfo Name="MajorVer">1</VersionInfo>
						<VersionInfo Name="MinorVer">0</VersionInfo>
						<VersionInfo Name="Release">0</VersionInfo>
						<VersionInfo Name="Build">0</VersionInfo>
						<VersionInfo Name="Debug">False</VersionInfo>
						<VersionInfo Name="PreRelease">False</VersionInfo>
						<VersionInfo Name="Special">False</VersionInfo>
						<VersionInfo Name="Private">False</VersionInfo>
						<VersionInfo Name="DLL">False</VersionInfo>
						<VersionInfo Name="Locale">1028</VersionInfo>
						<VersionInfo Name="CodePage">950</VersionInfo>
					</VersionInfo>
					<VersionInfoKeys>
						<VersionInfoKeys Name="CompanyName"/>
						<VersionInfoKeys Name="FileDescription"/>
						<VersionInfoKeys Name="FileVersion">1.0.0.0</VersionInfoKeys>
						<VersionInfoKeys Name="InternalName"/>
						<VersionInfoKeys Name="LegalCopyright"/>
						<VersionInfoKeys Name="LegalTrademarks"/>
						<VersionInfoKeys Name="OriginalFilename"/>
						<VersionInfoKeys Name="ProductName"/>
						<VersionInfoKeys Name="ProductVersion">1.0.0.0</VersionInfoKeys>
						<VersionInfoKeys Name="Comments"/>
					</VersionInfoKeys>
					<Excluded_Packages>
						<Excluded_Packages Name="$(BDS)\bin\dcloffice2k140.bpl">Microsoft Office 2000 Sample Automation Server Wrapper Components</Excluded_Packages>
						<Excluded_Packages Name="$(BDS)\bin\dclofficexp140.bpl">Microsoft Office XP Sample Automation Server Wrapper Components</Excluded_Packages>
					</Excluded_Packages>
				</Delphi.Personality>
			</BorlandProject>
			<ProjectFileVersion>12</ProjectFileVersion>
		</ProjectExtensions>
	</Project>
