
Microsoft Visual Studio Solution File, Format Version 10.00
# Visual Studio 2008
Project("{FAE04EC0-301F-11D3-BF4B-00C04F79EFBC}") = "PH.RWO.UI", "PH.RWO.UI\PH.RWO.UI.csproj", "{F9A22DEC-5840-4531-BB4A-8727759A257C}"
EndProject
Project("{FAE04EC0-301F-11D3-BF4B-00C04F79EFBC}") = "PH.RWO.BackEnd", "PH.RWO.BackEnd\PH.RWO.BackEnd.csproj", "{B137ED06-396B-4FAD-8B8D-D72587AE1BBB}"
EndProject
Project("{FAE04EC0-301F-11D3-BF4B-00C04F79EFBC}") = "PH.RWO.BO", "PH.RWO.BO\PH.RWO.BO.csproj", "{48059482-E5DC-4A8D-BF12-589D90F89898}"
EndProject
Global
	GlobalSection(SolutionConfigurationPlatforms) = preSolution
		Debug|Any CPU = Debug|Any CPU
		Release|Any CPU = Release|Any CPU
	EndGlobalSection
	GlobalSection(ProjectConfigurationPlatforms) = postSolution
		{F9A22DEC-5840-4531-BB4A-8727759A257C}.Debug|Any CPU.ActiveCfg = Debug|Any CPU
		{F9A22DEC-5840-4531-BB4A-8727759A257C}.Debug|Any CPU.Build.0 = Debug|Any CPU
		{F9A22DEC-5840-4531-BB4A-8727759A257C}.Release|Any CPU.ActiveCfg = Release|Any CPU
		{F9A22DEC-5840-4531-BB4A-8727759A257C}.Release|Any CPU.Build.0 = Release|Any CPU
		{B137ED06-396B-4FAD-8B8D-D72587AE1BBB}.Debug|Any CPU.ActiveCfg = Debug|Any CPU
		{B137ED06-396B-4FAD-8B8D-D72587AE1BBB}.Debug|Any CPU.Build.0 = Debug|Any CPU
		{B137ED06-396B-4FAD-8B8D-D72587AE1BBB}.Release|Any CPU.ActiveCfg = Release|Any CPU
		{B137ED06-396B-4FAD-8B8D-D72587AE1BBB}.Release|Any CPU.Build.0 = Release|Any CPU
		{48059482-E5DC-4A8D-BF12-589D90F89898}.Debug|Any CPU.ActiveCfg = Debug|Any CPU
		{48059482-E5DC-4A8D-BF12-589D90F89898}.Debug|Any CPU.Build.0 = Debug|Any CPU
		{48059482-E5DC-4A8D-BF12-589D90F89898}.Release|Any CPU.ActiveCfg = Release|Any CPU
		{48059482-E5DC-4A8D-BF12-589D90F89898}.Release|Any CPU.Build.0 = Release|Any CPU
	EndGlobalSection
	GlobalSection(SolutionProperties) = preSolution
		HideSolutionNode = FALSE
	EndGlobalSection
EndGlobal
