
Microsoft Visual Studio Solution File, Format Version 10.00
# Visual Studio 2008
Project("{FAE04EC0-301F-11D3-BF4B-00C04F79EFBC}") = "PH.BasicInfo.UI", "PH.BasicInfo.UI\PH.BasicInfo.UI.csproj", "{03EAE994-C263-45D3-8AE1-8024100B3C73}"
EndProject
Project("{FAE04EC0-301F-11D3-BF4B-00C04F79EFBC}") = "PH.BasicInfo.BO", "PH.BasicInfo.BO\PH.BasicInfo.BO.csproj", "{851B44A1-9826-4E66-9599-189D89254BE6}"
EndProject
Project("{FAE04EC0-301F-11D3-BF4B-00C04F79EFBC}") = "PH.BasicInfo.BackEnd", "PH.BasicInfo.BackEnd\PH.BasicInfo.BackEnd.csproj", "{3F1E62AE-BC5D-4EDD-965B-8B6B189665D3}"
EndProject
Global
	GlobalSection(SolutionConfigurationPlatforms) = preSolution
		Debug|Any CPU = Debug|Any CPU
		Release|Any CPU = Release|Any CPU
	EndGlobalSection
	GlobalSection(ProjectConfigurationPlatforms) = postSolution
		{03EAE994-C263-45D3-8AE1-8024100B3C73}.Debug|Any CPU.ActiveCfg = Debug|Any CPU
		{03EAE994-C263-45D3-8AE1-8024100B3C73}.Debug|Any CPU.Build.0 = Debug|Any CPU
		{03EAE994-C263-45D3-8AE1-8024100B3C73}.Release|Any CPU.ActiveCfg = Release|Any CPU
		{03EAE994-C263-45D3-8AE1-8024100B3C73}.Release|Any CPU.Build.0 = Release|Any CPU
		{851B44A1-9826-4E66-9599-189D89254BE6}.Debug|Any CPU.ActiveCfg = Debug|Any CPU
		{851B44A1-9826-4E66-9599-189D89254BE6}.Debug|Any CPU.Build.0 = Debug|Any CPU
		{851B44A1-9826-4E66-9599-189D89254BE6}.Release|Any CPU.ActiveCfg = Release|Any CPU
		{851B44A1-9826-4E66-9599-189D89254BE6}.Release|Any CPU.Build.0 = Release|Any CPU
		{3F1E62AE-BC5D-4EDD-965B-8B6B189665D3}.Debug|Any CPU.ActiveCfg = Debug|Any CPU
		{3F1E62AE-BC5D-4EDD-965B-8B6B189665D3}.Debug|Any CPU.Build.0 = Debug|Any CPU
		{3F1E62AE-BC5D-4EDD-965B-8B6B189665D3}.Release|Any CPU.ActiveCfg = Release|Any CPU
		{3F1E62AE-BC5D-4EDD-965B-8B6B189665D3}.Release|Any CPU.Build.0 = Release|Any CPU
	EndGlobalSection
	GlobalSection(SolutionProperties) = preSolution
		HideSolutionNode = FALSE
	EndGlobalSection
EndGlobal
